
Microsoft Visual Studio Solution File, Format Version 12.00
# Visual Studio Version 17
VisualStudioVersion = 17.5.33516.290
MinimumVisualStudioVersion = 10.0.40219.1
Project("{9A19103F-16F7-4668-BE54-9A1E7A4F7556}") = "binaryrivers.web", "binaryrivers.web\binaryrivers.web.csproj", "{48FED33B-4F06-4293-96D9-602BE2752901}"
EndProject
Global
	GlobalSection(SolutionConfigurationPlatforms) = preSolution
		Debug|Any CPU = Debug|Any CPU
		Release|Any CPU = Release|Any CPU
	EndGlobalSection
	GlobalSection(ProjectConfigurationPlatforms) = postSolution
		{48FED33B-4F06-4293-96D9-602BE2752901}.Debug|Any CPU.ActiveCfg = Debug|Any CPU
		{48FED33B-4F06-4293-96D9-602BE2752901}.Debug|Any CPU.Build.0 = Debug|Any CPU
		{48FED33B-4F06-4293-96D9-602BE2752901}.Release|Any CPU.ActiveCfg = Release|Any CPU
		{48FED33B-4F06-4293-96D9-602BE2752901}.Release|Any CPU.Build.0 = Release|Any CPU
	EndGlobalSection
	GlobalSection(SolutionProperties) = preSolution
		HideSolutionNode = FALSE
	EndGlobalSection
	GlobalSection(ExtensibilityGlobals) = postSolution
		SolutionGuid = {A86F7909-402D-43B1-8906-29789F2E3F46}
	EndGlobalSection
EndGlobal
